
Microsoft Visual Studio Solution File, Format Version 12.00
# Visual Studio Version 16
VisualStudioVersion = 16.0.30114.105
MinimumVisualStudioVersion = 10.0.40219.1
Project("{FAE04EC0-301F-11D3-BF4B-00C04F79EFBC}") = "Metacolor.Editor", "Metacolor.Editor\Metacolor.Editor.csproj", "{39A1C69D-B329-402E-BC43-A72E369F902A}"
EndProject
Project("{9A19103F-16F7-4668-BE54-9A1E7A4F7556}") = "Metacolor.Editor.Mac", "Metacolor.Editor.Mac\Metacolor.Editor.Mac.csproj", "{5E52329C-3985-4DD8-B82D-253F955939B3}"
EndProject
Project("{FAE04EC0-301F-11D3-BF4B-00C04F79EFBC}") = "Metacolor.Editor.Wpf", "Metacolor.Editor.Wpf\Metacolor.Editor.Wpf.csproj", "{B4E47603-3A6A-458E-9315-9EA5DCC46D20}"
EndProject
Project("{9344BDBB-3E7F-41FC-A0DD-8665D75EE146}") = "Metacolor.Editor.Gtk", "Metacolor.Editor.Gtk\Metacolor.Editor.Gtk.csproj", "{33130988-386F-4626-8BE1-99D9800E87B1}"
EndProject
Project("{9344BDBB-3E7F-41FC-A0DD-8665D75EE146}") = "Metacolor.Editor.Wpf.Package", "Metacolor.Editor.Wpf.Package\Metacolor.Editor.Wpf.Package.wapproj", "{4356DC44-7331-4259-95C1-0982061E5E4C}"
EndProject
Project("{FAE04EC0-301F-11D3-BF4B-00C04F79EFBC}") = "Metacolor.Editor.XamMac", "Metacolor.Editor.XamMac\Metacolor.Editor.XamMac.csproj", "{F033B3F8-3C6D-456C-A942-379275590451}"
EndProject
Global
	GlobalSection(SolutionConfigurationPlatforms) = preSolution
		Debug|Any CPU = Debug|Any CPU
		Debug|ARM = Debug|ARM
		Debug|ARM64 = Debug|ARM64
		Debug|x64 = Debug|x64
		Debug|x86 = Debug|x86
		Release|Any CPU = Release|Any CPU
		Release|ARM = Release|ARM
		Release|ARM64 = Release|ARM64
		Release|x64 = Release|x64
		Release|x86 = Release|x86
	EndGlobalSection
	GlobalSection(ProjectConfigurationPlatforms) = postSolution
		{39A1C69D-B329-402E-BC43-A72E369F902A}.Debug|Any CPU.ActiveCfg = Debug|Any CPU
		{39A1C69D-B329-402E-BC43-A72E369F902A}.Debug|Any CPU.Build.0 = Debug|Any CPU
		{39A1C69D-B329-402E-BC43-A72E369F902A}.Debug|ARM.ActiveCfg = Debug|Any CPU
		{39A1C69D-B329-402E-BC43-A72E369F902A}.Debug|ARM.Build.0 = Debug|Any CPU
		{39A1C69D-B329-402E-BC43-A72E369F902A}.Debug|ARM64.ActiveCfg = Debug|Any CPU
		{39A1C69D-B329-402E-BC43-A72E369F902A}.Debug|ARM64.Build.0 = Debug|Any CPU
		{39A1C69D-B329-402E-BC43-A72E369F902A}.Debug|x64.ActiveCfg = Debug|Any CPU
		{39A1C69D-B329-402E-BC43-A72E369F902A}.Debug|x64.Build.0 = Debug|Any CPU
		{39A1C69D-B329-402E-BC43-A72E369F902A}.Debug|x86.ActiveCfg = Debug|Any CPU
		{39A1C69D-B329-402E-BC43-A72E369F902A}.Debug|x86.Build.0 = Debug|Any CPU
		{39A1C69D-B329-402E-BC43-A72E369F902A}.Release|Any CPU.ActiveCfg = Release|Any CPU
		{39A1C69D-B329-402E-BC43-A72E369F902A}.Release|Any CPU.Build.0 = Release|Any CPU
		{39A1C69D-B329-402E-BC43-A72E369F902A}.Release|ARM.ActiveCfg = Release|Any CPU
		{39A1C69D-B329-402E-BC43-A72E369F902A}.Release|ARM.Build.0 = Release|Any CPU
		{39A1C69D-B329-402E-BC43-A72E369F902A}.Release|ARM64.ActiveCfg = Release|Any CPU
		{39A1C69D-B329-402E-BC43-A72E369F902A}.Release|ARM64.Build.0 = Release|Any CPU
		{39A1C69D-B329-402E-BC43-A72E369F902A}.Release|x64.ActiveCfg = Release|Any CPU
		{39A1C69D-B329-402E-BC43-A72E369F902A}.Release|x64.Build.0 = Release|Any CPU
		{39A1C69D-B329-402E-BC43-A72E369F902A}.Release|x86.ActiveCfg = Release|Any CPU
		{39A1C69D-B329-402E-BC43-A72E369F902A}.Release|x86.Build.0 = Release|Any CPU
		{5E52329C-3985-4DD8-B82D-253F955939B3}.Debug|Any CPU.ActiveCfg = Debug|Any CPU
		{5E52329C-3985-4DD8-B82D-253F955939B3}.Debug|Any CPU.Build.0 = Debug|Any CPU
		{5E52329C-3985-4DD8-B82D-253F955939B3}.Debug|ARM.ActiveCfg = Debug|Any CPU
		{5E52329C-3985-4DD8-B82D-253F955939B3}.Debug|ARM.Build.0 = Debug|Any CPU
		{5E52329C-3985-4DD8-B82D-253F955939B3}.Debug|ARM64.ActiveCfg = Debug|Any CPU
		{5E52329C-3985-4DD8-B82D-253F955939B3}.Debug|ARM64.Build.0 = Debug|Any CPU
		{5E52329C-3985-4DD8-B82D-253F955939B3}.Debug|x64.ActiveCfg = Debug|Any CPU
		{5E52329C-3985-4DD8-B82D-253F955939B3}.Debug|x64.Build.0 = Debug|Any CPU
		{5E52329C-3985-4DD8-B82D-253F955939B3}.Debug|x86.ActiveCfg = Debug|Any CPU
		{5E52329C-3985-4DD8-B82D-253F955939B3}.Debug|x86.Build.0 = Debug|Any CPU
		{5E52329C-3985-4DD8-B82D-253F955939B3}.Release|Any CPU.ActiveCfg = Release|Any CPU
		{5E52329C-3985-4DD8-B82D-253F955939B3}.Release|Any CPU.Build.0 = Release|Any CPU
		{5E52329C-3985-4DD8-B82D-253F955939B3}.Release|ARM.ActiveCfg = Release|Any CPU
		{5E52329C-3985-4DD8-B82D-253F955939B3}.Release|ARM.Build.0 = Release|Any CPU
		{5E52329C-3985-4DD8-B82D-253F955939B3}.Release|ARM64.ActiveCfg = Release|Any CPU
		{5E52329C-3985-4DD8-B82D-253F955939B3}.Release|ARM64.Build.0 = Release|Any CPU
		{5E52329C-3985-4DD8-B82D-253F955939B3}.Release|x64.ActiveCfg = Release|Any CPU
		{5E52329C-3985-4DD8-B82D-253F955939B3}.Release|x64.Build.0 = Release|Any CPU
		{5E52329C-3985-4DD8-B82D-253F955939B3}.Release|x86.ActiveCfg = Release|Any CPU
		{5E52329C-3985-4DD8-B82D-253F955939B3}.Release|x86.Build.0 = Release|Any CPU
		{B4E47603-3A6A-458E-9315-9EA5DCC46D20}.Debug|Any CPU.ActiveCfg = Debug|Any CPU
		{B4E47603-3A6A-458E-9315-9EA5DCC46D20}.Debug|Any CPU.Build.0 = Debug|Any CPU
		{B4E47603-3A6A-458E-9315-9EA5DCC46D20}.Debug|ARM.ActiveCfg = Debug|Any CPU
		{B4E47603-3A6A-458E-9315-9EA5DCC46D20}.Debug|ARM.Build.0 = Debug|Any CPU
		{B4E47603-3A6A-458E-9315-9EA5DCC46D20}.Debug|ARM64.ActiveCfg = Debug|Any CPU
		{B4E47603-3A6A-458E-9315-9EA5DCC46D20}.Debug|ARM64.Build.0 = Debug|Any CPU
		{B4E47603-3A6A-458E-9315-9EA5DCC46D20}.Debug|x64.ActiveCfg = Debug|Any CPU
		{B4E47603-3A6A-458E-9315-9EA5DCC46D20}.Debug|x64.Build.0 = Debug|Any CPU
		{B4E47603-3A6A-458E-9315-9EA5DCC46D20}.Debug|x86.ActiveCfg = Debug|Any CPU
		{B4E47603-3A6A-458E-9315-9EA5DCC46D20}.Debug|x86.Build.0 = Debug|Any CPU
		{B4E47603-3A6A-458E-9315-9EA5DCC46D20}.Release|Any CPU.ActiveCfg = Release|Any CPU
		{B4E47603-3A6A-458E-9315-9EA5DCC46D20}.Release|Any CPU.Build.0 = Release|Any CPU
		{B4E47603-3A6A-458E-9315-9EA5DCC46D20}.Release|ARM.ActiveCfg = Release|Any CPU
		{B4E47603-3A6A-458E-9315-9EA5DCC46D20}.Release|ARM.Build.0 = Release|Any CPU
		{B4E47603-3A6A-458E-9315-9EA5DCC46D20}.Release|ARM64.ActiveCfg = Release|Any CPU
		{B4E47603-3A6A-458E-9315-9EA5DCC46D20}.Release|ARM64.Build.0 = Release|Any CPU
		{B4E47603-3A6A-458E-9315-9EA5DCC46D20}.Release|x64.ActiveCfg = Release|x64
		{B4E47603-3A6A-458E-9315-9EA5DCC46D20}.Release|x64.Build.0 = Release|x64
		{B4E47603-3A6A-458E-9315-9EA5DCC46D20}.Release|x86.ActiveCfg = Release|x86
		{B4E47603-3A6A-458E-9315-9EA5DCC46D20}.Release|x86.Build.0 = Release|x86
		{33130988-386F-4626-8BE1-99D9800E87B1}.Debug|Any CPU.ActiveCfg = Debug|Any CPU
		{33130988-386F-4626-8BE1-99D9800E87B1}.Debug|Any CPU.Build.0 = Debug|Any CPU
		{33130988-386F-4626-8BE1-99D9800E87B1}.Debug|ARM.ActiveCfg = Debug|Any CPU
		{33130988-386F-4626-8BE1-99D9800E87B1}.Debug|ARM.Build.0 = Debug|Any CPU
		{33130988-386F-4626-8BE1-99D9800E87B1}.Debug|ARM64.ActiveCfg = Debug|Any CPU
		{33130988-386F-4626-8BE1-99D9800E87B1}.Debug|ARM64.Build.0 = Debug|Any CPU
		{33130988-386F-4626-8BE1-99D9800E87B1}.Debug|x64.ActiveCfg = Debug|Any CPU
		{33130988-386F-4626-8BE1-99D9800E87B1}.Debug|x64.Build.0 = Debug|Any CPU
		{33130988-386F-4626-8BE1-99D9800E87B1}.Debug|x86.ActiveCfg = Debug|Any CPU
		{33130988-386F-4626-8BE1-99D9800E87B1}.Debug|x86.Build.0 = Debug|Any CPU
		{33130988-386F-4626-8BE1-99D9800E87B1}.Release|Any CPU.ActiveCfg = Release|Any CPU
		{33130988-386F-4626-8BE1-99D9800E87B1}.Release|Any CPU.Build.0 = Release|Any CPU
		{33130988-386F-4626-8BE1-99D9800E87B1}.Release|ARM.ActiveCfg = Release|Any CPU
		{33130988-386F-4626-8BE1-99D9800E87B1}.Release|ARM.Build.0 = Release|Any CPU
		{33130988-386F-4626-8BE1-99D9800E87B1}.Release|ARM64.ActiveCfg = Release|Any CPU
		{33130988-386F-4626-8BE1-99D9800E87B1}.Release|ARM64.Build.0 = Release|Any CPU
		{33130988-386F-4626-8BE1-99D9800E87B1}.Release|x64.ActiveCfg = Release|Any CPU
		{33130988-386F-4626-8BE1-99D9800E87B1}.Release|x64.Build.0 = Release|Any CPU
		{33130988-386F-4626-8BE1-99D9800E87B1}.Release|x86.ActiveCfg = Release|Any CPU
		{33130988-386F-4626-8BE1-99D9800E87B1}.Release|x86.Build.0 = Release|Any CPU
		{4356DC44-7331-4259-95C1-0982061E5E4C}.Debug|Any CPU.ActiveCfg = Debug|Any CPU
		{4356DC44-7331-4259-95C1-0982061E5E4C}.Debug|Any CPU.Build.0 = Debug|Any CPU
		{4356DC44-7331-4259-95C1-0982061E5E4C}.Debug|Any CPU.Deploy.0 = Debug|Any CPU
		{4356DC44-7331-4259-95C1-0982061E5E4C}.Debug|ARM.ActiveCfg = Debug|ARM
		{4356DC44-7331-4259-95C1-0982061E5E4C}.Debug|ARM.Build.0 = Debug|ARM
		{4356DC44-7331-4259-95C1-0982061E5E4C}.Debug|ARM.Deploy.0 = Debug|ARM
		{4356DC44-7331-4259-95C1-0982061E5E4C}.Debug|ARM64.ActiveCfg = Debug|ARM64
		{4356DC44-7331-4259-95C1-0982061E5E4C}.Debug|ARM64.Build.0 = Debug|ARM64
		{4356DC44-7331-4259-95C1-0982061E5E4C}.Debug|ARM64.Deploy.0 = Debug|ARM64
		{4356DC44-7331-4259-95C1-0982061E5E4C}.Debug|x64.ActiveCfg = Debug|x64
		{4356DC44-7331-4259-95C1-0982061E5E4C}.Debug|x64.Build.0 = Debug|x64
		{4356DC44-7331-4259-95C1-0982061E5E4C}.Debug|x64.Deploy.0 = Debug|x64
		{4356DC44-7331-4259-95C1-0982061E5E4C}.Debug|x86.ActiveCfg = Debug|x86
		{4356DC44-7331-4259-95C1-0982061E5E4C}.Debug|x86.Build.0 = Debug|x86
		{4356DC44-7331-4259-95C1-0982061E5E4C}.Debug|x86.Deploy.0 = Debug|x86
		{4356DC44-7331-4259-95C1-0982061E5E4C}.Release|Any CPU.ActiveCfg = Release|Any CPU
		{4356DC44-7331-4259-95C1-0982061E5E4C}.Release|Any CPU.Build.0 = Release|Any CPU
		{4356DC44-7331-4259-95C1-0982061E5E4C}.Release|Any CPU.Deploy.0 = Release|Any CPU
		{4356DC44-7331-4259-95C1-0982061E5E4C}.Release|ARM.ActiveCfg = Release|Any CPU
		{4356DC44-7331-4259-95C1-0982061E5E4C}.Release|ARM.Build.0 = Release|Any CPU
		{4356DC44-7331-4259-95C1-0982061E5E4C}.Release|ARM.Deploy.0 = Release|Any CPU
		{4356DC44-7331-4259-95C1-0982061E5E4C}.Release|ARM64.ActiveCfg = Release|Any CPU
		{4356DC44-7331-4259-95C1-0982061E5E4C}.Release|ARM64.Build.0 = Release|Any CPU
		{4356DC44-7331-4259-95C1-0982061E5E4C}.Release|ARM64.Deploy.0 = Release|Any CPU
		{4356DC44-7331-4259-95C1-0982061E5E4C}.Release|x64.ActiveCfg = Release|x64
		{4356DC44-7331-4259-95C1-0982061E5E4C}.Release|x64.Build.0 = Release|x64
		{4356DC44-7331-4259-95C1-0982061E5E4C}.Release|x64.Deploy.0 = Release|x64
		{4356DC44-7331-4259-95C1-0982061E5E4C}.Release|x86.ActiveCfg = Release|x86
		{4356DC44-7331-4259-95C1-0982061E5E4C}.Release|x86.Build.0 = Release|x86
		{4356DC44-7331-4259-95C1-0982061E5E4C}.Release|x86.Deploy.0 = Release|x86
		{F033B3F8-3C6D-456C-A942-379275590451}.Debug|Any CPU.ActiveCfg = Debug|Any CPU
		{F033B3F8-3C6D-456C-A942-379275590451}.Debug|Any CPU.Build.0 = Debug|Any CPU
		{F033B3F8-3C6D-456C-A942-379275590451}.Debug|ARM.ActiveCfg = Debug|Any CPU
		{F033B3F8-3C6D-456C-A942-379275590451}.Debug|ARM.Build.0 = Debug|Any CPU
		{F033B3F8-3C6D-456C-A942-379275590451}.Debug|ARM64.ActiveCfg = Debug|Any CPU
		{F033B3F8-3C6D-456C-A942-379275590451}.Debug|ARM64.Build.0 = Debug|Any CPU
		{F033B3F8-3C6D-456C-A942-379275590451}.Debug|x64.ActiveCfg = Debug|Any CPU
		{F033B3F8-3C6D-456C-A942-379275590451}.Debug|x64.Build.0 = Debug|Any CPU
		{F033B3F8-3C6D-456C-A942-379275590451}.Debug|x86.ActiveCfg = Debug|Any CPU
		{F033B3F8-3C6D-456C-A942-379275590451}.Debug|x86.Build.0 = Debug|Any CPU
		{F033B3F8-3C6D-456C-A942-379275590451}.Release|Any CPU.ActiveCfg = Release|Any CPU
		{F033B3F8-3C6D-456C-A942-379275590451}.Release|Any CPU.Build.0 = Release|Any CPU
		{F033B3F8-3C6D-456C-A942-379275590451}.Release|ARM.ActiveCfg = Release|Any CPU
		{F033B3F8-3C6D-456C-A942-379275590451}.Release|ARM.Build.0 = Release|Any CPU
		{F033B3F8-3C6D-456C-A942-379275590451}.Release|ARM64.ActiveCfg = Release|Any CPU
		{F033B3F8-3C6D-456C-A942-379275590451}.Release|ARM64.Build.0 = Release|Any CPU
		{F033B3F8-3C6D-456C-A942-379275590451}.Release|x64.ActiveCfg = Release|Any CPU
		{F033B3F8-3C6D-456C-A942-379275590451}.Release|x64.Build.0 = Release|Any CPU
		{F033B3F8-3C6D-456C-A942-379275590451}.Release|x86.ActiveCfg = Release|Any CPU
		{F033B3F8-3C6D-456C-A942-379275590451}.Release|x86.Build.0 = Release|Any CPU
	EndGlobalSection
	GlobalSection(SolutionProperties) = preSolution
		HideSolutionNode = FALSE
	EndGlobalSection
	GlobalSection(ExtensibilityGlobals) = postSolution
		SolutionGuid = {550259CB-8CD1-4880-AC62-AD2522DDD940}
	EndGlobalSection
EndGlobal
